<?xml version="1.0" encoding="utf-8"?>
<Project ToolsVersion="4.0" xmlns="http://schemas.microsoft.com/developer/msbuild/2003">
  <ItemGroup>
    <Filter Include="源文件">
      <UniqueIdentifier>{4FC737F1-C7A5-4376-A066-2A32D752A2FF}</UniqueIdentifier>
      <Extensions>cpp;c;cc;cxx;def;odl;idl;hpj;bat;asm;asmx</Extensions>
    </Filter>
    <Filter Include="头文件">
      <UniqueIdentifier>{93995380-89BD-4b04-88EB-625FBE52EBFB}</UniqueIdentifier>
      <Extensions>h;hh;hpp;hxx;hm;inl;inc;ipp;xsd</Extensions>
    </Filter>
    <Filter Include="资源文件">
      <UniqueIdentifier>{67DA6AB6-F800-4c08-8B7A-83BB121AAD01}</UniqueIdentifier>
      <Extensions>rc;ico;cur;bmp;dlg;rc2;rct;bin;rgs;gif;jpg;jpeg;jpe;resx;tiff;tif;png;wav;mfcribbon-ms</Extensions>
    </Filter>
    <Filter Include="源文件\RandomVariable">
      <UniqueIdentifier>{cd7afecb-4dc1-44d4-bf54-c86d249e66b4}</UniqueIdentifier>
    </Filter>
    <Filter Include="头文件\RandomVaribale">
      <UniqueIdentifier>{4f7e4066-d2bd-43c6-b319-27b4b50695b5}</UniqueIdentifier>
    </Filter>
    <Filter Include="头文件\Correlate">
      <UniqueIdentifier>{aa8cb70c-4b38-4152-8fe6-274c982710f8}</UniqueIdentifier>
    </Filter>
    <Filter Include="源文件\Correlate">
      <UniqueIdentifier>{05f309fd-3bd4-41ba-9091-3ff66167f2c5}</UniqueIdentifier>
    </Filter>
    <Filter Include="头文件\performanceFunction">
      <UniqueIdentifier>{6faa2a52-1c50-4a45-a0df-e9a4f5d6c0c3}</UniqueIdentifier>
    </Filter>
    <Filter Include="源文件\performanceFunction">
      <UniqueIdentifier>{6f54ce2f-6dbd-4725-a280-8d3cf5153ea7}</UniqueIdentifier>
    </Filter>
    <Filter Include="头文件\ProbabilityTransformation">
      <UniqueIdentifier>{c9b30b8c-2278-424e-ab72-4acedf85673f}</UniqueIdentifier>
    </Filter>
    <Filter Include="源文件\ProbabilityTransformation">
      <UniqueIdentifier>{2ed9a5a5-4108-443e-a247-3db8386d2ce7}</UniqueIdentifier>
    </Filter>
    <Filter Include="头文件\ConvergenceCheck">
      <UniqueIdentifier>{310d780e-3fa6-42ed-bfb4-ed724e744413}</UniqueIdentifier>
    </Filter>
    <Filter Include="源文件\ConvergenceCheck">
      <UniqueIdentifier>{ea0219dc-0da4-4463-9559-236e25188640}</UniqueIdentifier>
    </Filter>
    <Filter Include="头文件\gFunEvaluator">
      <UniqueIdentifier>{7ea5d65d-d930-40d2-ba37-fd6afc2f5f3d}</UniqueIdentifier>
    </Filter>
    <Filter Include="源文件\gFunEvaluator">
      <UniqueIdentifier>{cf575b2f-4e2c-4453-b084-e649dbc6e67c}</UniqueIdentifier>
    </Filter>
    <Filter Include="头文件\gradGEvaluator">
      <UniqueIdentifier>{19de58fa-b523-47ec-a176-ffd287d62191}</UniqueIdentifier>
    </Filter>
    <Filter Include="源文件\gradGEvaluator">
      <UniqueIdentifier>{18bcaccb-6efc-4e7d-b4dc-f14163a076c8}</UniqueIdentifier>
    </Filter>
    <Filter Include="头文件\searchDirection">
      <UniqueIdentifier>{c4dfe44b-7ee5-45c5-bb7e-c0f4247903ff}</UniqueIdentifier>
    </Filter>
    <Filter Include="源文件\searchDirection">
      <UniqueIdentifier>{2ae30e0d-aaab-465a-8651-f93d10376066}</UniqueIdentifier>
    </Filter>
    <Filter Include="头文件\meritFunctionCheck">
      <UniqueIdentifier>{a17f52bb-f453-45b8-84ce-4138df506af5}</UniqueIdentifier>
    </Filter>
    <Filter Include="源文件\meritFunctionCheck">
      <UniqueIdentifier>{a8531283-ebf7-4657-98c6-9d0a3addd048}</UniqueIdentifier>
    </Filter>
    <Filter Include="头文件\stepSizeRule">
      <UniqueIdentifier>{7690ba04-1185-4122-b74f-8a06cf2b0744}</UniqueIdentifier>
    </Filter>
    <Filter Include="源文件\stepSizeRule">
      <UniqueIdentifier>{8ee55350-29b4-412a-93a6-71edc35bae96}</UniqueIdentifier>
    </Filter>
    <Filter Include="头文件\findDesignPoint">
      <UniqueIdentifier>{a88fa6fb-3ab9-4864-97b3-d78ef6f82d30}</UniqueIdentifier>
    </Filter>
    <Filter Include="源文件\findDesignPoint">
      <UniqueIdentifier>{6f62c07e-a69d-4c3a-b1b0-1980e93f49ad}</UniqueIdentifier>
    </Filter>
    <Filter Include="源文件\runAnalysis">
      <UniqueIdentifier>{20971c85-a496-43ec-b85c-301c6f76f75b}</UniqueIdentifier>
    </Filter>
    <Filter Include="头文件\runAnalysis">
      <UniqueIdentifier>{553bc715-b2b2-4d80-9750-88137d588f93}</UniqueIdentifier>
    </Filter>
    <Filter Include="头文件\RandomNumberGenerator">
      <UniqueIdentifier>{f4570a90-d77c-4beb-a5e4-3f3eb3fa72ff}</UniqueIdentifier>
    </Filter>
    <Filter Include="源文件\RandomNumberGenerator">
      <UniqueIdentifier>{a0319379-fac4-452e-9f70-8c4eadf3f586}</UniqueIdentifier>
    </Filter>
    <Filter Include="源文件\FindCurve">
      <UniqueIdentifier>{f94d6270-2fb3-44d0-9c79-84befa1be3c2}</UniqueIdentifier>
    </Filter>
    <Filter Include="头文件\FindCurve">
      <UniqueIdentifier>{2ca52ed3-61ac-41b8-a9f1-b792224bfea4}</UniqueIdentifier>
    </Filter>
    <Filter Include="头文件\ModulatingFunction">
      <UniqueIdentifier>{a4c052dc-a9f6-48c8-8abd-51833296a2fc}</UniqueIdentifier>
    </Filter>
    <Filter Include="源文件\ModulatingFunction">
      <UniqueIdentifier>{a5bb0fca-fd7f-49ba-ad76-4eac94c88a15}</UniqueIdentifier>
    </Filter>
    <Filter Include="头文件\Filter">
      <UniqueIdentifier>{c285c371-bbb8-44cd-ba7c-d58ca3a92bcd}</UniqueIdentifier>
    </Filter>
    <Filter Include="源文件\Filter">
      <UniqueIdentifier>{b36d0a56-c36f-4321-b0f2-b0e3e3c21fda}</UniqueIdentifier>
    </Filter>
    <Filter Include="头文件\Spectrum">
      <UniqueIdentifier>{b45f7ec8-be0c-46bb-aacd-f7031f01cdc7}</UniqueIdentifier>
    </Filter>
    <Filter Include="源文件\Spectrum">
      <UniqueIdentifier>{af8958e4-cb02-4200-a0c2-fe50de7f1033}</UniqueIdentifier>
    </Filter>
  </ItemGroup>
  <ItemGroup>
    <ClCompile Include="reliability.cpp">
      <Filter>源文件</Filter>
    </ClCompile>
    <ClCompile Include="Vector.cpp">
      <Filter>源文件</Filter>
    </ClCompile>
    <ClCompile Include="Matrix.cpp">
      <Filter>源文件</Filter>
    </ClCompile>
    <ClCompile Include="OPS_Stream.cpp">
      <Filter>源文件</Filter>
    </ClCompile>
    <ClCompile Include="MovableObject.cpp">
      <Filter>源文件</Filter>
    </ClCompile>
    <ClCompile Include="RandomVariable.cpp">
      <Filter>源文件</Filter>
    </ClCompile>
    <ClCompile Include="ReliabilityDomainComponent.cpp">
      <Filter>源文件</Filter>
    </ClCompile>
    <ClCompile Include="TaggedObject.cpp">
      <Filter>源文件</Filter>
    </ClCompile>
    <ClCompile Include="BetaRV.cpp">
      <Filter>源文件\RandomVariable</Filter>
    </ClCompile>
    <ClCompile Include="ChiSquareRV.cpp">
      <Filter>源文件\RandomVariable</Filter>
    </ClCompile>
    <ClCompile Include="ExponentialRV.cpp">
      <Filter>源文件\RandomVariable</Filter>
    </ClCompile>
    <ClCompile Include="GammaRV.cpp">
      <Filter>源文件\RandomVariable</Filter>
    </ClCompile>
    <ClCompile Include="GumbelRV.cpp">
      <Filter>源文件\RandomVariable</Filter>
    </ClCompile>
    <ClCompile Include="LaplaceRV.cpp">
      <Filter>源文件\RandomVariable</Filter>
    </ClCompile>
    <ClCompile Include="LognormalRV.cpp">
      <Filter>源文件\RandomVariable</Filter>
    </ClCompile>
    <ClCompile Include="NormalRV.cpp">
      <Filter>源文件\RandomVariable</Filter>
    </ClCompile>
    <ClCompile Include="ParetoRV.cpp">
      <Filter>源文件\RandomVariable</Filter>
    </ClCompile>
    <ClCompile Include="RayleighRV.cpp">
      <Filter>源文件\RandomVariable</Filter>
    </ClCompile>
    <ClCompile Include="ShiftedExponentialRV.cpp">
      <Filter>源文件\RandomVariable</Filter>
    </ClCompile>
    <ClCompile Include="ShiftedRayleighRV.cpp">
      <Filter>源文件\RandomVariable</Filter>
    </ClCompile>
    <ClCompile Include="TruncatedNormalRV.cpp">
      <Filter>源文件\RandomVariable</Filter>
    </ClCompile>
    <ClCompile Include="Type1LargestValueRV.cpp">
      <Filter>源文件\RandomVariable</Filter>
    </ClCompile>
    <ClCompile Include="Type1SmallestValueRV.cpp">
      <Filter>源文件\RandomVariable</Filter>
    </ClCompile>
    <ClCompile Include="Type2LargestValueRV.cpp">
      <Filter>源文件\RandomVariable</Filter>
    </ClCompile>
    <ClCompile Include="Type3SmallestValueRV.cpp">
      <Filter>源文件\RandomVariable</Filter>
    </ClCompile>
    <ClCompile Include="UniformRV.cpp">
      <Filter>源文件\RandomVariable</Filter>
    </ClCompile>
    <ClCompile Include="WeibullRV.cpp">
      <Filter>源文件\RandomVariable</Filter>
    </ClCompile>
    <ClCompile Include="ReliabilityDomain.cpp">
      <Filter>源文件</Filter>
    </ClCompile>
    <ClCompile Include="ArrayOfTaggedObjects.cpp">
      <Filter>源文件</Filter>
    </ClCompile>
    <ClCompile Include="ArrayOfTaggedObjectsIter.cpp">
      <Filter>源文件</Filter>
    </ClCompile>
    <ClCompile Include="TclReliabilityBuilder.cpp">
      <Filter>源文件</Filter>
    </ClCompile>
    <ClCompile Include="CorrelationCoefficient.cpp">
      <Filter>源文件\Correlate</Filter>
    </ClCompile>
    <ClCompile Include="LimitStateFunction.cpp">
      <Filter>源文件\performanceFunction</Filter>
    </ClCompile>
    <ClCompile Include="TclMain.cpp">
      <Filter>源文件</Filter>
    </ClCompile>
    <ClCompile Include="ProbabilityTransformation.cpp">
      <Filter>源文件\ProbabilityTransformation</Filter>
    </ClCompile>
    <ClCompile Include="NatafProbabilityTransformation.cpp">
      <Filter>源文件\ProbabilityTransformation</Filter>
    </ClCompile>
    <ClCompile Include="MatrixOperations.cpp">
      <Filter>源文件</Filter>
    </ClCompile>
    <ClCompile Include="ReliabilityConvergenceCheck.cpp">
      <Filter>源文件\ConvergenceCheck</Filter>
    </ClCompile>
    <ClCompile Include="StandardReliabilityConvergenceCheck.cpp">
      <Filter>源文件\ConvergenceCheck</Filter>
    </ClCompile>
    <ClCompile Include="OptimalityConditionReliabilityConvergenceCheck.cpp">
      <Filter>源文件\ConvergenceCheck</Filter>
    </ClCompile>
    <ClCompile Include="BasicGFunEvaluator.cpp">
      <Filter>源文件\gFunEvaluator</Filter>
    </ClCompile>
    <ClCompile Include="GradGEvaluator.cpp">
      <Filter>源文件\gradGEvaluator</Filter>
    </ClCompile>
    <ClCompile Include="FiniteDifferenceGradGEvaluator.cpp">
      <Filter>源文件\gradGEvaluator</Filter>
    </ClCompile>
    <ClCompile Include="SearchDirection.cpp">
      <Filter>源文件\searchDirection</Filter>
    </ClCompile>
    <ClCompile Include="HLRFSearchDirection.cpp">
      <Filter>源文件\searchDirection</Filter>
    </ClCompile>
    <ClCompile Include="MeritFunctionCheck.cpp">
      <Filter>源文件\meritFunctionCheck</Filter>
    </ClCompile>
    <ClCompile Include="AdkZhangMeritFunctionCheck.cpp">
      <Filter>源文件\meritFunctionCheck</Filter>
    </ClCompile>
    <ClCompile Include="StepSizeRule.cpp">
      <Filter>源文件\stepSizeRule</Filter>
    </ClCompile>
    <ClCompile Include="RootFinding.cpp">
      <Filter>源文件\stepSizeRule</Filter>
    </ClCompile>
    <ClCompile Include="ArmijoStepSizeRule.cpp">
      <Filter>源文件\stepSizeRule</Filter>
    </ClCompile>
    <ClCompile Include="FindDesignPointAlgorithm.cpp">
      <Filter>源文件\findDesignPoint</Filter>
    </ClCompile>
    <ClCompile Include="SearchWithStepSizeAndStepDirection.cpp">
      <Filter>源文件\findDesignPoint</Filter>
    </ClCompile>
    <ClCompile Include="ReliabilityAnalysis.cpp">
      <Filter>源文件\runAnalysis</Filter>
    </ClCompile>
    <ClCompile Include="FORMAnalysis.cpp">
      <Filter>源文件\runAnalysis</Filter>
    </ClCompile>
    <ClCompile Include="FOSMAnalysis.cpp">
      <Filter>源文件\runAnalysis</Filter>
    </ClCompile>
    <ClCompile Include="SORMAnalysis.cpp">
      <Filter>源文件\runAnalysis</Filter>
    </ClCompile>
    <ClCompile Include="SecantRootFinding.cpp">
      <Filter>源文件\stepSizeRule</Filter>
    </ClCompile>
    <ClCompile Include="FixedStepSizeRule.cpp">
      <Filter>源文件\stepSizeRule</Filter>
    </ClCompile>
    <ClCompile Include="GradientProjectionSearchDirection.cpp">
      <Filter>源文件\searchDirection</Filter>
    </ClCompile>
    <ClCompile Include="PolakHeSearchDirectionAndMeritFunction.cpp">
      <Filter>源文件\searchDirection</Filter>
    </ClCompile>
    <ClCompile Include="SQPsearchDirectionMeritFunctionAndHessian.cpp">
      <Filter>源文件\searchDirection</Filter>
    </ClCompile>
    <ClCompile Include="HessianApproximation.cpp">
      <Filter>源文件\findDesignPoint</Filter>
    </ClCompile>
    <ClCompile Include="RandomNumberGenerator.cpp">
      <Filter>源文件\RandomNumberGenerator</Filter>
    </ClCompile>
    <ClCompile Include="CStdLibRandGenerator.cpp">
      <Filter>源文件\RandomNumberGenerator</Filter>
    </ClCompile>
    <ClCompile Include="MersenneTwister.cpp">
      <Filter>源文件\RandomNumberGenerator</Filter>
    </ClCompile>
    <ClCompile Include="ImportanceSamplingAnalysis.cpp">
      <Filter>源文件\runAnalysis</Filter>
    </ClCompile>
    <ClCompile Include="GFunVisualizationAnalysis.cpp">
      <Filter>源文件\runAnalysis</Filter>
    </ClCompile>
    <ClCompile Include="SystemAnalysis.cpp">
      <Filter>源文件\runAnalysis</Filter>
    </ClCompile>
    <ClCompile Include="FindCurvatures.cpp">
      <Filter>源文件\FindCurve</Filter>
    </ClCompile>
    <ClCompile Include="FirstPrincipalCurvature.cpp">
      <Filter>源文件\FindCurve</Filter>
    </ClCompile>
    <ClCompile Include="CurvaturesBySearchAlgorithm.cpp">
      <Filter>源文件\FindCurve</Filter>
    </ClCompile>
    <ClCompile Include="GFunEvaluator.cpp">
      <Filter>源文件\gFunEvaluator</Filter>
    </ClCompile>
    <ClCompile Include="OpenSeesGFunEvaluator.cpp">
      <Filter>源文件\gFunEvaluator</Filter>
    </ClCompile>
    <ClCompile Include="MonteCarloResponseAnalysis.cpp">
      <Filter>源文件\runAnalysis</Filter>
    </ClCompile>
    <ClCompile Include="Filter.cpp">
      <Filter>源文件\Filter</Filter>
    </ClCompile>
    <ClCompile Include="DeltaFilter.cpp">
      <Filter>源文件\Filter</Filter>
    </ClCompile>
    <ClCompile Include="StandardLinearOscillatorDisplacementFilter.cpp">
      <Filter>源文件\Filter</Filter>
    </ClCompile>
    <ClCompile Include="KooFilter.cpp">
      <Filter>源文件\Filter</Filter>
    </ClCompile>
    <ClCompile Include="StandardLinearOscillatorVelocityFilter.cpp">
      <Filter>源文件\Filter</Filter>
    </ClCompile>
    <ClCompile Include="StandardLinearOscillatorAccelerationFilter.cpp">
      <Filter>源文件\Filter</Filter>
    </ClCompile>
    <ClCompile Include="ModulatingFunction.cpp">
      <Filter>源文件\ModulatingFunction</Filter>
    </ClCompile>
    <ClCompile Include="GammaModulatingFunction.cpp">
      <Filter>源文件\ModulatingFunction</Filter>
    </ClCompile>
    <ClCompile Include="ConstantModulatingFunction.cpp">
      <Filter>源文件\ModulatingFunction</Filter>
    </ClCompile>
    <ClCompile Include="TrapezoidalModulatingFunction.cpp">
      <Filter>源文件\ModulatingFunction</Filter>
    </ClCompile>
    <ClCompile Include="KooModulatingFunction.cpp">
      <Filter>源文件\ModulatingFunction</Filter>
    </ClCompile>
    <ClCompile Include="Spectrum.cpp">
      <Filter>源文件\Spectrum</Filter>
    </ClCompile>
    <ClCompile Include="JonswapSpectrum.cpp">
      <Filter>源文件\Spectrum</Filter>
    </ClCompile>
    <ClCompile Include="NarrowBandSpectrum.cpp">
      <Filter>源文件\Spectrum</Filter>
    </ClCompile>
    <ClCompile Include="PointsSpectrum.cpp">
      <Filter>源文件\Spectrum</Filter>
    </ClCompile>
    <ClCompile Include="ParametricReliabilityAnalysis.cpp">
      <Filter>源文件\runAnalysis</Filter>
    </ClCompile>
    <ClCompile Include="OutCrossingAnalysis.cpp">
      <Filter>源文件\runAnalysis</Filter>
    </ClCompile>
    <ClCompile Include="SamplingAnalysis.cpp">
      <Filter>源文件\runAnalysis</Filter>
    </ClCompile>
    <ClCompile Include="ZeroFindingAlgorithm.cpp">
      <Filter>源文件\runAnalysis</Filter>
    </ClCompile>
    <ClCompile Include="OrthogonalPlaneSamplingAnalysis.cpp">
      <Filter>源文件\runAnalysis</Filter>
    </ClCompile>
    <ClCompile Include="SafeGuardedZeroFindingAlgorithm.cpp">
      <Filter>源文件\runAnalysis</Filter>
    </ClCompile>
    <ClCompile Include="SubsetSimulationAnalysis.cpp">
      <Filter>源文件\runAnalysis</Filter>
    </ClCompile>
    <ClCompile Include="MarkovChainGenerator.cpp">
      <Filter>源文件\runAnalysis</Filter>
    </ClCompile>
  </ItemGroup>
  <ItemGroup>
    <ClInclude Include="Vector.h">
      <Filter>头文件</Filter>
    </ClInclude>
    <ClInclude Include="OPS_Globals.h">
      <Filter>头文件</Filter>
    </ClInclude>
    <ClInclude Include="OPS_Stream.h">
      <Filter>头文件</Filter>
    </ClInclude>
    <ClInclude Include="Matrix.h">
      <Filter>头文件</Filter>
    </ClInclude>
    <ClInclude Include="ID.h">
      <Filter>头文件</Filter>
    </ClInclude>
    <ClInclude Include="MovableObject.h">
      <Filter>头文件</Filter>
    </ClInclude>
    <ClInclude Include="classTags.h">
      <Filter>头文件</Filter>
    </ClInclude>
    <ClInclude Include="RandomVariable.h">
      <Filter>头文件</Filter>
    </ClInclude>
    <ClInclude Include="ReliabilityDomainComponent.h">
      <Filter>头文件</Filter>
    </ClInclude>
    <ClInclude Include="TaggedObject.h">
      <Filter>头文件</Filter>
    </ClInclude>
    <ClInclude Include="ReliabilityDomain.h">
      <Filter>头文件</Filter>
    </ClInclude>
    <ClInclude Include="RayleighRV.h">
      <Filter>头文件</Filter>
    </ClInclude>
    <ClInclude Include="BetaRV.h">
      <Filter>头文件\RandomVaribale</Filter>
    </ClInclude>
    <ClInclude Include="ChiSquareRV.h">
      <Filter>头文件\RandomVaribale</Filter>
    </ClInclude>
    <ClInclude Include="ExponentialRV.h">
      <Filter>头文件\RandomVaribale</Filter>
    </ClInclude>
    <ClInclude Include="GammaRV.h">
      <Filter>头文件\RandomVaribale</Filter>
    </ClInclude>
    <ClInclude Include="GumbelRV.h">
      <Filter>头文件\RandomVaribale</Filter>
    </ClInclude>
    <ClInclude Include="LaplaceRV.h">
      <Filter>头文件\RandomVaribale</Filter>
    </ClInclude>
    <ClInclude Include="LognormalRV.h">
      <Filter>头文件\RandomVaribale</Filter>
    </ClInclude>
    <ClInclude Include="NormalRV.h">
      <Filter>头文件\RandomVaribale</Filter>
    </ClInclude>
    <ClInclude Include="ParetoRV.h">
      <Filter>头文件\RandomVaribale</Filter>
    </ClInclude>
    <ClInclude Include="ShiftedExponentialRV.h">
      <Filter>头文件\RandomVaribale</Filter>
    </ClInclude>
    <ClInclude Include="ShiftedRayleighRV.h">
      <Filter>头文件\RandomVaribale</Filter>
    </ClInclude>
    <ClInclude Include="TruncatedNormalRV.h">
      <Filter>头文件\RandomVaribale</Filter>
    </ClInclude>
    <ClInclude Include="Type1LargestValueRV.h">
      <Filter>头文件\RandomVaribale</Filter>
    </ClInclude>
    <ClInclude Include="Type1SmallestValueRV.h">
      <Filter>头文件\RandomVaribale</Filter>
    </ClInclude>
    <ClInclude Include="Type2LargestValueRV.h">
      <Filter>头文件\RandomVaribale</Filter>
    </ClInclude>
    <ClInclude Include="Type3SmallestValueRV.h">
      <Filter>头文件\RandomVaribale</Filter>
    </ClInclude>
    <ClInclude Include="UniformRV.h">
      <Filter>头文件\RandomVaribale</Filter>
    </ClInclude>
    <ClInclude Include="WeibullRV.h">
      <Filter>头文件\RandomVaribale</Filter>
    </ClInclude>
    <ClInclude Include="TclReliabilityBuilder.h">
      <Filter>头文件</Filter>
    </ClInclude>
    <ClInclude Include="ArrayOfTaggedObjects.h">
      <Filter>头文件</Filter>
    </ClInclude>
    <ClInclude Include="TaggedObjectStorage.h">
      <Filter>头文件</Filter>
    </ClInclude>
    <ClInclude Include="ArrayOfTaggedObjectsIter.h">
      <Filter>头文件</Filter>
    </ClInclude>
    <ClInclude Include="bool.h">
      <Filter>头文件</Filter>
    </ClInclude>
    <ClInclude Include="TaggedObjectIter.h">
      <Filter>头文件</Filter>
    </ClInclude>
    <ClInclude Include="CorrelationCoefficient.h">
      <Filter>头文件\Correlate</Filter>
    </ClInclude>
    <ClInclude Include="LimitStateFunction.h">
      <Filter>头文件\performanceFunction</Filter>
    </ClInclude>
    <ClInclude Include="ProbabilityTransformation.h">
      <Filter>头文件\ProbabilityTransformation</Filter>
    </ClInclude>
    <ClInclude Include="NatafProbabilityTransformation.h">
      <Filter>头文件\ProbabilityTransformation</Filter>
    </ClInclude>
    <ClInclude Include="MatrixOperations.h">
      <Filter>头文件</Filter>
    </ClInclude>
    <ClInclude Include="ReliabilityConvergenceCheck.h">
      <Filter>头文件\ConvergenceCheck</Filter>
    </ClInclude>
    <ClInclude Include="StandardReliabilityConvergenceCheck.h">
      <Filter>头文件\ConvergenceCheck</Filter>
    </ClInclude>
    <ClInclude Include="OptimalityConditionReliabilityConvergenceCheck.h">
      <Filter>头文件\ConvergenceCheck</Filter>
    </ClInclude>
    <ClInclude Include="BasicGFunEvaluator.h">
      <Filter>头文件\gFunEvaluator</Filter>
    </ClInclude>
    <ClInclude Include="RandomVariablePositioner.h">
      <Filter>头文件\gFunEvaluator</Filter>
    </ClInclude>
    <ClInclude Include="Information.h">
      <Filter>头文件\gFunEvaluator</Filter>
    </ClInclude>
    <ClInclude Include="Tensor.h">
      <Filter>头文件\gFunEvaluator</Filter>
    </ClInclude>
    <ClInclude Include="BJtensor.h">
      <Filter>头文件\gFunEvaluator</Filter>
    </ClInclude>
    <ClInclude Include="nDarray.h">
      <Filter>头文件\gFunEvaluator</Filter>
    </ClInclude>
    <ClInclude Include="basics.h">
      <Filter>头文件\gFunEvaluator</Filter>
    </ClInclude>
    <ClInclude Include="BJmatrix.h">
      <Filter>头文件\gFunEvaluator</Filter>
    </ClInclude>
    <ClInclude Include="DomainComponent.h">
      <Filter>头文件\gFunEvaluator</Filter>
    </ClInclude>
    <ClInclude Include="TclGFunEvaluator.h">
      <Filter>头文件\gFunEvaluator</Filter>
    </ClInclude>
    <ClInclude Include="GradGEvaluator.h">
      <Filter>头文件\gradGEvaluator</Filter>
    </ClInclude>
    <ClInclude Include="FiniteDifferenceGradGEvaluator.h">
      <Filter>头文件\gradGEvaluator</Filter>
    </ClInclude>
    <ClInclude Include="SearchDirection.h">
      <Filter>头文件\searchDirection</Filter>
    </ClInclude>
    <ClInclude Include="HLRFSearchDirection.h">
      <Filter>头文件\searchDirection</Filter>
    </ClInclude>
    <ClInclude Include="MeritFunctionCheck.h">
      <Filter>头文件\meritFunctionCheck</Filter>
    </ClInclude>
    <ClInclude Include="AdkZhangMeritFunctionCheck.h">
      <Filter>头文件\meritFunctionCheck</Filter>
    </ClInclude>
    <ClInclude Include="StepSizeRule.h">
      <Filter>头文件\stepSizeRule</Filter>
    </ClInclude>
    <ClInclude Include="ArmijoStepSizeRule.h">
      <Filter>头文件\stepSizeRule</Filter>
    </ClInclude>
    <ClInclude Include="RootFinding.h">
      <Filter>头文件\stepSizeRule</Filter>
    </ClInclude>
    <ClInclude Include="FindDesignPointAlgorithm.h">
      <Filter>头文件\findDesignPoint</Filter>
    </ClInclude>
    <ClInclude Include="SearchWithStepSizeAndStepDirection.h">
      <Filter>头文件\findDesignPoint</Filter>
    </ClInclude>
    <ClInclude Include="HessianApproximation.h">
      <Filter>头文件\findDesignPoint</Filter>
    </ClInclude>
    <ClInclude Include="FORMAnalysis.h">
      <Filter>头文件\runAnalysis</Filter>
    </ClInclude>
    <ClInclude Include="ReliabilityAnalysis.h">
      <Filter>头文件\runAnalysis</Filter>
    </ClInclude>
    <ClInclude Include="FOSMAnalysis.h">
      <Filter>头文件\runAnalysis</Filter>
    </ClInclude>
    <ClInclude Include="SORMAnalysis.h">
      <Filter>头文件\runAnalysis</Filter>
    </ClInclude>
    <ClInclude Include="SecantRootFinding.h">
      <Filter>头文件\stepSizeRule</Filter>
    </ClInclude>
    <ClInclude Include="FixedStepSizeRule.h">
      <Filter>头文件\stepSizeRule</Filter>
    </ClInclude>
    <ClInclude Include="GradientProjectionSearchDirection.h">
      <Filter>头文件\searchDirection</Filter>
    </ClInclude>
    <ClInclude Include="PolakHeSearchDirectionAndMeritFunction.h">
      <Filter>头文件\searchDirection</Filter>
    </ClInclude>
    <ClInclude Include="SQPsearchDirectionMeritFunctionAndHessian.h">
      <Filter>头文件\searchDirection</Filter>
    </ClInclude>
    <ClInclude Include="RandomNumberGenerator.h">
      <Filter>头文件\RandomNumberGenerator</Filter>
    </ClInclude>
    <ClInclude Include="CStdLibRandGenerator.h">
      <Filter>头文件\RandomNumberGenerator</Filter>
    </ClInclude>
    <ClInclude Include="MersenneTwister.h">
      <Filter>头文件\RandomNumberGenerator</Filter>
    </ClInclude>
    <ClInclude Include="ImportanceSamplingAnalysis.h">
      <Filter>头文件\runAnalysis</Filter>
    </ClInclude>
    <ClInclude Include="GFunVisualizationAnalysis.h">
      <Filter>头文件\runAnalysis</Filter>
    </ClInclude>
    <ClInclude Include="SystemAnalysis.h">
      <Filter>头文件\runAnalysis</Filter>
    </ClInclude>
    <ClInclude Include="FindCurvatures.h">
      <Filter>头文件\FindCurve</Filter>
    </ClInclude>
    <ClInclude Include="FirstPrincipalCurvature.h">
      <Filter>头文件\FindCurve</Filter>
    </ClInclude>
    <ClInclude Include="CurvaturesBySearchAlgorithm.h">
      <Filter>头文件\FindCurve</Filter>
    </ClInclude>
    <ClInclude Include="GFunEvaluator.h">
      <Filter>头文件\gFunEvaluator</Filter>
    </ClInclude>
    <ClInclude Include="OpenSeesGFunEvaluator.h">
      <Filter>头文件\gFunEvaluator</Filter>
    </ClInclude>
    <ClInclude Include="MonteCarloResponseAnalysis.h">
      <Filter>头文件\runAnalysis</Filter>
    </ClInclude>
    <ClInclude Include="Filter.h">
      <Filter>头文件\Filter</Filter>
    </ClInclude>
    <ClInclude Include="DeltaFilter.h">
      <Filter>头文件\Filter</Filter>
    </ClInclude>
    <ClInclude Include="StandardLinearOscillatorDisplacementFilter.h">
      <Filter>头文件\Filter</Filter>
    </ClInclude>
    <ClInclude Include="KooFilter.h">
      <Filter>头文件\Filter</Filter>
    </ClInclude>
    <ClInclude Include="StandardLinearOscillatorVelocityFilter.h">
      <Filter>头文件\Filter</Filter>
    </ClInclude>
    <ClInclude Include="StandardLinearOscillatorAccelerationFilter.h">
      <Filter>头文件\Filter</Filter>
    </ClInclude>
    <ClInclude Include="ModulatingFunction.h">
      <Filter>头文件\ModulatingFunction</Filter>
    </ClInclude>
    <ClInclude Include="GammaModulatingFunction.h">
      <Filter>头文件\ModulatingFunction</Filter>
    </ClInclude>
    <ClInclude Include="ConstantModulatingFunction.h">
      <Filter>头文件\ModulatingFunction</Filter>
    </ClInclude>
    <ClInclude Include="TrapezoidalModulatingFunction.h">
      <Filter>头文件\ModulatingFunction</Filter>
    </ClInclude>
    <ClInclude Include="KooModulatingFunction.h">
      <Filter>头文件\ModulatingFunction</Filter>
    </ClInclude>
    <ClInclude Include="Spectrum.h">
      <Filter>头文件\Spectrum</Filter>
    </ClInclude>
    <ClInclude Include="JonswapSpectrum.h">
      <Filter>头文件\Spectrum</Filter>
    </ClInclude>
    <ClInclude Include="NarrowBandSpectrum.h">
      <Filter>头文件\Spectrum</Filter>
    </ClInclude>
    <ClInclude Include="PointsSpectrum.h">
      <Filter>头文件\Spectrum</Filter>
    </ClInclude>
    <ClInclude Include="ParametricReliabilityAnalysis.h">
      <Filter>头文件\runAnalysis</Filter>
    </ClInclude>
    <ClInclude Include="OutCrossingAnalysis.h">
      <Filter>头文件\runAnalysis</Filter>
    </ClInclude>
    <ClInclude Include="SamplingAnalysis.h">
      <Filter>头文件\runAnalysis</Filter>
    </ClInclude>
    <ClInclude Include="OrthogonalPlaneSamplingAnalysis.h">
      <Filter>头文件\runAnalysis</Filter>
    </ClInclude>
    <ClInclude Include="ZeroFindingAlgorithm.h">
      <Filter>头文件\runAnalysis</Filter>
    </ClInclude>
    <ClInclude Include="SafeGuardedZeroFindingAlgorithm.h">
      <Filter>头文件\runAnalysis</Filter>
    </ClInclude>
    <ClInclude Include="SubsetSimulationAnalysis.h">
      <Filter>头文件\runAnalysis</Filter>
    </ClInclude>
    <ClInclude Include="MarkovChainGenerator.h">
      <Filter>头文件\runAnalysis</Filter>
    </ClInclude>
  </ItemGroup>
</Project>